
Microsoft Visual Studio Solution File, Format Version 12.00
# Visual Studio 2012
Project("{F088123C-0E9E-452A-89E6-6BA2F21D5CAC}") = "ModelisationAPIMorpion", "ModelisationAPIMorpion\ModelisationAPIMorpion.modelproj", "{6CE6A375-B506-47E3-948E-79D633997A9C}"
EndProject
Project("{FAE04EC0-301F-11D3-BF4B-00C04F79EFBC}") = "JeuMorpionWinForms", "JeuMorpionWinForms\JeuMorpionWinForms.csproj", "{460D4372-0B10-48A5-B712-E759EC8A4109}"
	ProjectSection(ProjectDependencies) = postProject
		{2C63C9B1-342E-47B7-AD69-EB60C095323B} = {2C63C9B1-342E-47B7-AD69-EB60C095323B}
	EndProjectSection
EndProject
Project("{FAE04EC0-301F-11D3-BF4B-00C04F79EFBC}") = "APIJeuMorpionCsharp", "APIJeuMorpionCsharp\APIJeuMorpionCsharp\APIJeuMorpionCsharp.csproj", "{2C63C9B1-342E-47B7-AD69-EB60C095323B}"
EndProject
Project("{2150E333-8FDC-42A3-9474-1A3956D46DE8}") = ".nuget", ".nuget", "{BEBF9778-DF80-4340-BEBD-C696E49D52A1}"
	ProjectSection(SolutionItems) = preProject
		.nuget\NuGet.Config = .nuget\NuGet.Config
		.nuget\NuGet.exe = .nuget\NuGet.exe
		.nuget\NuGet.targets = .nuget\NuGet.targets
	EndProjectSection
EndProject
Project("{6141683F-8A12-4E36-9623-2EB02B2C2303}") = "JeuMorpion", "JeuMorpion\JeuMorpion.isproj", "{39C38A04-9DEA-4941-A663-1814D8BA6860}"
	ProjectSection(ProjectDependencies) = postProject
		{460D4372-0B10-48A5-B712-E759EC8A4109} = {460D4372-0B10-48A5-B712-E759EC8A4109}
		{2C63C9B1-342E-47B7-AD69-EB60C095323B} = {2C63C9B1-342E-47B7-AD69-EB60C095323B}
	EndProjectSection
EndProject
Global
	GlobalSection(SolutionConfigurationPlatforms) = preSolution
		CD_ROM|Any CPU = CD_ROM|Any CPU
		Debug|Any CPU = Debug|Any CPU
		DVD-5|Any CPU = DVD-5|Any CPU
		Release|Any CPU = Release|Any CPU
		SingleImage|Any CPU = SingleImage|Any CPU
	EndGlobalSection
	GlobalSection(ProjectConfigurationPlatforms) = postSolution
		{6CE6A375-B506-47E3-948E-79D633997A9C}.CD_ROM|Any CPU.ActiveCfg = Release|Any CPU
		{6CE6A375-B506-47E3-948E-79D633997A9C}.CD_ROM|Any CPU.Build.0 = Release|Any CPU
		{6CE6A375-B506-47E3-948E-79D633997A9C}.Debug|Any CPU.ActiveCfg = Debug|Any CPU
		{6CE6A375-B506-47E3-948E-79D633997A9C}.Debug|Any CPU.Build.0 = Debug|Any CPU
		{6CE6A375-B506-47E3-948E-79D633997A9C}.DVD-5|Any CPU.ActiveCfg = Debug|Any CPU
		{6CE6A375-B506-47E3-948E-79D633997A9C}.DVD-5|Any CPU.Build.0 = Debug|Any CPU
		{6CE6A375-B506-47E3-948E-79D633997A9C}.Release|Any CPU.ActiveCfg = Release|Any CPU
		{6CE6A375-B506-47E3-948E-79D633997A9C}.Release|Any CPU.Build.0 = Release|Any CPU
		{6CE6A375-B506-47E3-948E-79D633997A9C}.SingleImage|Any CPU.ActiveCfg = Release|Any CPU
		{6CE6A375-B506-47E3-948E-79D633997A9C}.SingleImage|Any CPU.Build.0 = Release|Any CPU
		{460D4372-0B10-48A5-B712-E759EC8A4109}.CD_ROM|Any CPU.ActiveCfg = Release|Any CPU
		{460D4372-0B10-48A5-B712-E759EC8A4109}.CD_ROM|Any CPU.Build.0 = Release|Any CPU
		{460D4372-0B10-48A5-B712-E759EC8A4109}.Debug|Any CPU.ActiveCfg = Debug|Any CPU
		{460D4372-0B10-48A5-B712-E759EC8A4109}.Debug|Any CPU.Build.0 = Debug|Any CPU
		{460D4372-0B10-48A5-B712-E759EC8A4109}.DVD-5|Any CPU.ActiveCfg = Debug|Any CPU
		{460D4372-0B10-48A5-B712-E759EC8A4109}.DVD-5|Any CPU.Build.0 = Debug|Any CPU
		{460D4372-0B10-48A5-B712-E759EC8A4109}.Release|Any CPU.ActiveCfg = Release|Any CPU
		{460D4372-0B10-48A5-B712-E759EC8A4109}.Release|Any CPU.Build.0 = Release|Any CPU
		{460D4372-0B10-48A5-B712-E759EC8A4109}.SingleImage|Any CPU.ActiveCfg = Release|Any CPU
		{460D4372-0B10-48A5-B712-E759EC8A4109}.SingleImage|Any CPU.Build.0 = Release|Any CPU
		{2C63C9B1-342E-47B7-AD69-EB60C095323B}.CD_ROM|Any CPU.ActiveCfg = Release|Any CPU
		{2C63C9B1-342E-47B7-AD69-EB60C095323B}.CD_ROM|Any CPU.Build.0 = Release|Any CPU
		{2C63C9B1-342E-47B7-AD69-EB60C095323B}.Debug|Any CPU.ActiveCfg = Debug|Any CPU
		{2C63C9B1-342E-47B7-AD69-EB60C095323B}.Debug|Any CPU.Build.0 = Debug|Any CPU
		{2C63C9B1-342E-47B7-AD69-EB60C095323B}.DVD-5|Any CPU.ActiveCfg = Debug|Any CPU
		{2C63C9B1-342E-47B7-AD69-EB60C095323B}.DVD-5|Any CPU.Build.0 = Debug|Any CPU
		{2C63C9B1-342E-47B7-AD69-EB60C095323B}.Release|Any CPU.ActiveCfg = Release|Any CPU
		{2C63C9B1-342E-47B7-AD69-EB60C095323B}.Release|Any CPU.Build.0 = Release|Any CPU
		{2C63C9B1-342E-47B7-AD69-EB60C095323B}.SingleImage|Any CPU.ActiveCfg = Release|Any CPU
		{2C63C9B1-342E-47B7-AD69-EB60C095323B}.SingleImage|Any CPU.Build.0 = Release|Any CPU
		{39C38A04-9DEA-4941-A663-1814D8BA6860}.CD_ROM|Any CPU.ActiveCfg = CD_ROM
		{39C38A04-9DEA-4941-A663-1814D8BA6860}.CD_ROM|Any CPU.Build.0 = CD_ROM
		{39C38A04-9DEA-4941-A663-1814D8BA6860}.Debug|Any CPU.ActiveCfg = DVD-5
		{39C38A04-9DEA-4941-A663-1814D8BA6860}.Debug|Any CPU.Build.0 = DVD-5
		{39C38A04-9DEA-4941-A663-1814D8BA6860}.DVD-5|Any CPU.ActiveCfg = DVD-5
		{39C38A04-9DEA-4941-A663-1814D8BA6860}.DVD-5|Any CPU.Build.0 = DVD-5
		{39C38A04-9DEA-4941-A663-1814D8BA6860}.Release|Any CPU.ActiveCfg = SingleImage
		{39C38A04-9DEA-4941-A663-1814D8BA6860}.Release|Any CPU.Build.0 = SingleImage
		{39C38A04-9DEA-4941-A663-1814D8BA6860}.SingleImage|Any CPU.ActiveCfg = SingleImage
		{39C38A04-9DEA-4941-A663-1814D8BA6860}.SingleImage|Any CPU.Build.0 = SingleImage
	EndGlobalSection
	GlobalSection(SolutionProperties) = preSolution
		HideSolutionNode = FALSE
	EndGlobalSection
EndGlobal
